
Microsoft Visual Studio Solution File, Format Version 12.00
# Visual Studio 15
VisualStudioVersion = 15.0.26730.8
MinimumVisualStudioVersion = 10.0.40219.1
Project("{FAE04EC0-301F-11D3-BF4B-00C04F79EFBC}") = "pg-chess", "pg-chess.csproj", "{3D99EA73-DAED-463C-9811-CCA4CE7FF9E6}"
EndProject
Global
	GlobalSection(SolutionConfigurationPlatforms) = preSolution
		Debug|Any CPU = Debug|Any CPU
		Release|Any CPU = Release|Any CPU
	EndGlobalSection
	GlobalSection(ProjectConfigurationPlatforms) = postSolution
		{3D99EA73-DAED-463C-9811-CCA4CE7FF9E6}.Debug|Any CPU.ActiveCfg = Debug|Any CPU
		{3D99EA73-DAED-463C-9811-CCA4CE7FF9E6}.Debug|Any CPU.Build.0 = Debug|Any CPU
		{3D99EA73-DAED-463C-9811-CCA4CE7FF9E6}.Release|Any CPU.ActiveCfg = Release|Any CPU
		{3D99EA73-DAED-463C-9811-CCA4CE7FF9E6}.Release|Any CPU.Build.0 = Release|Any CPU
	EndGlobalSection
	GlobalSection(SolutionProperties) = preSolution
		HideSolutionNode = FALSE
	EndGlobalSection
	GlobalSection(ExtensibilityGlobals) = postSolution
		SolutionGuid = {5182EC40-9295-426C-9EAE-81C3FAB05DF4}
	EndGlobalSection
EndGlobal
